
Microsoft Visual Studio Solution File, Format Version 12.00
# Visual Studio Version 16
VisualStudioVersion = 16.0.29411.138
MinimumVisualStudioVersion = 15.0.26124.0
Project("{9A19103F-16F7-4668-BE54-9A1E7A4F7556}") = "Domain", "Domain\Domain.csproj", "{F7AB33ED-7EA2-44BC-B98C-986E53E846EB}"
EndProject
Project("{9A19103F-16F7-4668-BE54-9A1E7A4F7556}") = "Application", "Application\Application.csproj", "{2A7689FC-FB1D-4387-92A8-8F072249542D}"
EndProject
Project("{9A19103F-16F7-4668-BE54-9A1E7A4F7556}") = "Api", "Api\Api.csproj", "{76168269-45BE-43A4-9E91-6B52056288B0}"
EndProject
Project("{9A19103F-16F7-4668-BE54-9A1E7A4F7556}") = "Persistence", "Persistence\Persistence.csproj", "{C862626E-5177-45B4-ADEB-C607C4112577}"
EndProject
Project("{E53339B2-1760-4266-BCC7-CA923CBCF16C}") = "docker-compose", "docker-compose.dcproj", "{4A40D97A-5BF8-4021-920F-BB8E192EAC14}"
EndProject
Global
	GlobalSection(SolutionConfigurationPlatforms) = preSolution
		Debug|Any CPU = Debug|Any CPU
		Debug|x64 = Debug|x64
		Debug|x86 = Debug|x86
		Release|Any CPU = Release|Any CPU
		Release|x64 = Release|x64
		Release|x86 = Release|x86
	EndGlobalSection
	GlobalSection(ProjectConfigurationPlatforms) = postSolution
		{F7AB33ED-7EA2-44BC-B98C-986E53E846EB}.Debug|Any CPU.ActiveCfg = Debug|Any CPU
		{F7AB33ED-7EA2-44BC-B98C-986E53E846EB}.Debug|Any CPU.Build.0 = Debug|Any CPU
		{F7AB33ED-7EA2-44BC-B98C-986E53E846EB}.Debug|x64.ActiveCfg = Debug|Any CPU
		{F7AB33ED-7EA2-44BC-B98C-986E53E846EB}.Debug|x64.Build.0 = Debug|Any CPU
		{F7AB33ED-7EA2-44BC-B98C-986E53E846EB}.Debug|x86.ActiveCfg = Debug|Any CPU
		{F7AB33ED-7EA2-44BC-B98C-986E53E846EB}.Debug|x86.Build.0 = Debug|Any CPU
		{F7AB33ED-7EA2-44BC-B98C-986E53E846EB}.Release|Any CPU.ActiveCfg = Release|Any CPU
		{F7AB33ED-7EA2-44BC-B98C-986E53E846EB}.Release|Any CPU.Build.0 = Release|Any CPU
		{F7AB33ED-7EA2-44BC-B98C-986E53E846EB}.Release|x64.ActiveCfg = Release|Any CPU
		{F7AB33ED-7EA2-44BC-B98C-986E53E846EB}.Release|x64.Build.0 = Release|Any CPU
		{F7AB33ED-7EA2-44BC-B98C-986E53E846EB}.Release|x86.ActiveCfg = Release|Any CPU
		{F7AB33ED-7EA2-44BC-B98C-986E53E846EB}.Release|x86.Build.0 = Release|Any CPU
		{2A7689FC-FB1D-4387-92A8-8F072249542D}.Debug|Any CPU.ActiveCfg = Debug|Any CPU
		{2A7689FC-FB1D-4387-92A8-8F072249542D}.Debug|Any CPU.Build.0 = Debug|Any CPU
		{2A7689FC-FB1D-4387-92A8-8F072249542D}.Debug|x64.ActiveCfg = Debug|Any CPU
		{2A7689FC-FB1D-4387-92A8-8F072249542D}.Debug|x64.Build.0 = Debug|Any CPU
		{2A7689FC-FB1D-4387-92A8-8F072249542D}.Debug|x86.ActiveCfg = Debug|Any CPU
		{2A7689FC-FB1D-4387-92A8-8F072249542D}.Debug|x86.Build.0 = Debug|Any CPU
		{2A7689FC-FB1D-4387-92A8-8F072249542D}.Release|Any CPU.ActiveCfg = Release|Any CPU
		{2A7689FC-FB1D-4387-92A8-8F072249542D}.Release|Any CPU.Build.0 = Release|Any CPU
		{2A7689FC-FB1D-4387-92A8-8F072249542D}.Release|x64.ActiveCfg = Release|Any CPU
		{2A7689FC-FB1D-4387-92A8-8F072249542D}.Release|x64.Build.0 = Release|Any CPU
		{2A7689FC-FB1D-4387-92A8-8F072249542D}.Release|x86.ActiveCfg = Release|Any CPU
		{2A7689FC-FB1D-4387-92A8-8F072249542D}.Release|x86.Build.0 = Release|Any CPU
		{76168269-45BE-43A4-9E91-6B52056288B0}.Debug|Any CPU.ActiveCfg = Debug|Any CPU
		{76168269-45BE-43A4-9E91-6B52056288B0}.Debug|Any CPU.Build.0 = Debug|Any CPU
		{76168269-45BE-43A4-9E91-6B52056288B0}.Debug|x64.ActiveCfg = Debug|Any CPU
		{76168269-45BE-43A4-9E91-6B52056288B0}.Debug|x64.Build.0 = Debug|Any CPU
		{76168269-45BE-43A4-9E91-6B52056288B0}.Debug|x86.ActiveCfg = Debug|Any CPU
		{76168269-45BE-43A4-9E91-6B52056288B0}.Debug|x86.Build.0 = Debug|Any CPU
		{76168269-45BE-43A4-9E91-6B52056288B0}.Release|Any CPU.ActiveCfg = Release|Any CPU
		{76168269-45BE-43A4-9E91-6B52056288B0}.Release|Any CPU.Build.0 = Release|Any CPU
		{76168269-45BE-43A4-9E91-6B52056288B0}.Release|x64.ActiveCfg = Release|Any CPU
		{76168269-45BE-43A4-9E91-6B52056288B0}.Release|x64.Build.0 = Release|Any CPU
		{76168269-45BE-43A4-9E91-6B52056288B0}.Release|x86.ActiveCfg = Release|Any CPU
		{76168269-45BE-43A4-9E91-6B52056288B0}.Release|x86.Build.0 = Release|Any CPU
		{C862626E-5177-45B4-ADEB-C607C4112577}.Debug|Any CPU.ActiveCfg = Debug|Any CPU
		{C862626E-5177-45B4-ADEB-C607C4112577}.Debug|Any CPU.Build.0 = Debug|Any CPU
		{C862626E-5177-45B4-ADEB-C607C4112577}.Debug|x64.ActiveCfg = Debug|Any CPU
		{C862626E-5177-45B4-ADEB-C607C4112577}.Debug|x64.Build.0 = Debug|Any CPU
		{C862626E-5177-45B4-ADEB-C607C4112577}.Debug|x86.ActiveCfg = Debug|Any CPU
		{C862626E-5177-45B4-ADEB-C607C4112577}.Debug|x86.Build.0 = Debug|Any CPU
		{C862626E-5177-45B4-ADEB-C607C4112577}.Release|Any CPU.ActiveCfg = Release|Any CPU
		{C862626E-5177-45B4-ADEB-C607C4112577}.Release|Any CPU.Build.0 = Release|Any CPU
		{C862626E-5177-45B4-ADEB-C607C4112577}.Release|x64.ActiveCfg = Release|Any CPU
		{C862626E-5177-45B4-ADEB-C607C4112577}.Release|x64.Build.0 = Release|Any CPU
		{C862626E-5177-45B4-ADEB-C607C4112577}.Release|x86.ActiveCfg = Release|Any CPU
		{C862626E-5177-45B4-ADEB-C607C4112577}.Release|x86.Build.0 = Release|Any CPU
		{4A40D97A-5BF8-4021-920F-BB8E192EAC14}.Debug|Any CPU.ActiveCfg = Debug|Any CPU
		{4A40D97A-5BF8-4021-920F-BB8E192EAC14}.Debug|Any CPU.Build.0 = Debug|Any CPU
		{4A40D97A-5BF8-4021-920F-BB8E192EAC14}.Debug|x64.ActiveCfg = Debug|Any CPU
		{4A40D97A-5BF8-4021-920F-BB8E192EAC14}.Debug|x64.Build.0 = Debug|Any CPU
		{4A40D97A-5BF8-4021-920F-BB8E192EAC14}.Debug|x86.ActiveCfg = Debug|Any CPU
		{4A40D97A-5BF8-4021-920F-BB8E192EAC14}.Debug|x86.Build.0 = Debug|Any CPU
		{4A40D97A-5BF8-4021-920F-BB8E192EAC14}.Release|Any CPU.ActiveCfg = Release|Any CPU
		{4A40D97A-5BF8-4021-920F-BB8E192EAC14}.Release|Any CPU.Build.0 = Release|Any CPU
		{4A40D97A-5BF8-4021-920F-BB8E192EAC14}.Release|x64.ActiveCfg = Release|Any CPU
		{4A40D97A-5BF8-4021-920F-BB8E192EAC14}.Release|x64.Build.0 = Release|Any CPU
		{4A40D97A-5BF8-4021-920F-BB8E192EAC14}.Release|x86.ActiveCfg = Release|Any CPU
		{4A40D97A-5BF8-4021-920F-BB8E192EAC14}.Release|x86.Build.0 = Release|Any CPU
	EndGlobalSection
	GlobalSection(SolutionProperties) = preSolution
		HideSolutionNode = FALSE
	EndGlobalSection
	GlobalSection(ExtensibilityGlobals) = postSolution
		SolutionGuid = {F3D62B92-7746-416F-8EAC-EE08BB881CA5}
	EndGlobalSection
EndGlobal
